{
  "name": "rxjs-learning",
  "version": "1.0.0",
  "lockfileVersion": 2,
  "requires": true,
  "packages": {
    "": {
      "name": "rxjs-learning",
      "version": "1.0.0",
      "license": "ISC",
      "dependencies": {
        "luxon": "^2.4.0",
        "rxjs": "^7.0.0"
      }
    },
    "node_modules/luxon": {
      "version": "2.4.0",
      "resolved": "https://registry.npmjs.org/luxon/-/luxon-2.4.0.tgz",
      "integrity": "sha512-w+NAwWOUL5hO0SgwOHsMBAmZ15SoknmQXhSO0hIbJCAmPKSsGeK8MlmhYh2w6Iib38IxN2M+/ooXWLbeis7GuA==",
      "engines": {
        "node": ">=12"
      }
    },
    "node_modules/rxjs": {
      "version": "7.5.5",
      "resolved": "https://registry.npmjs.org/rxjs/-/rxjs-7.5.5.tgz",
      "integrity": "sha512-sy+H0pQofO95VDmFLzyaw9xNJU4KTRSwQIGM6+iG3SypAtCiLDzpeG8sJrNCWn2Up9km+KhkvTdbkrdy+yzZdw==",
      "dependencies": {
        "tslib": "^2.1.0"
      }
    },
    "node_modules/tslib": {
      "version": "2.4.0",
      "resolved": "https://registry.npmjs.org/tslib/-/tslib-2.4.0.tgz",
      "integrity": "sha512-d6xOpEDfsi2CZVlPQzGeux8XMwLT9hssAsaPYExaQMuYskwb+x1x7J371tWlbBdWHroy99KnVB6qIkUbs5X3UQ=="
    }
  },
  "dependencies": {
    "luxon": {
      "version": "2.4.0",
      "resolved": "https://registry.npmjs.org/luxon/-/luxon-2.4.0.tgz",
      "integrity": "sha512-w+NAwWOUL5hO0SgwOHsMBAmZ15SoknmQXhSO0hIbJCAmPKSsGeK8MlmhYh2w6Iib38IxN2M+/ooXWLbeis7GuA=="
    },
    "rxjs": {
      "version": "7.5.5",
      "resolved": "https://registry.npmjs.org/rxjs/-/rxjs-7.5.5.tgz",
      "integrity": "sha512-sy+H0pQofO95VDmFLzyaw9xNJU4KTRSwQIGM6+iG3SypAtCiLDzpeG8sJrNCWn2Up9km+KhkvTdbkrdy+yzZdw==",
      "requires": {
        "tslib": "^2.1.0"
      }
    },
    "tslib": {
      "version": "2.4.0",
      "resolved": "https://registry.npmjs.org/tslib/-/tslib-2.4.0.tgz",
      "integrity": "sha512-d6xOpEDfsi2CZVlPQzGeux8XMwLT9hssAsaPYExaQMuYskwb+x1x7J371tWlbBdWHroy99KnVB6qIkUbs5X3UQ=="
    }
  }
}
